{
  "name": "@alexeimyshkouski/store-persist-plugin",
  "version": "0.1.0",
  "lockfileVersion": 1,
  "requires": true,
  "dependencies": {
    "@alexeimyshkouski/store": {
      "version": "0.1.0",
      "resolved": "https://registry.npmjs.org/@alexeimyshkouski/store/-/store-0.1.0.tgz",
      "integrity": "sha512-Pzy6aXOkwioApZUkPNYvNnCf0PoaihDlnBMka4BlRZ80iOpQVSeNaIXT7EUwKv6qCv7keLPH49OqukVgKMqmCw=="
    },
    "@alexeimyshkouski/store-async-plugin": {
      "version": "0.1.0",
      "resolved": "https://registry.npmjs.org/@alexeimyshkouski/store-async-plugin/-/store-async-plugin-0.1.0.tgz",
      "integrity": "sha512-vfEk1w6Vs7lx36O7dVszzXkNEphdE0/I3EiQ5Oy7mTsLnoW4PtL2JOiO8uaLq2cMAQGKWnb6HVjdxuQwyUQItg=="
    },
    "lodash.defaultsdeep": {
      "version": "4.6.0",
      "resolved": "https://registry.npmjs.org/lodash.defaultsdeep/-/lodash.defaultsdeep-4.6.0.tgz",
      "integrity": "sha1-vsECT4WxvZbL6kBbI8FK1kQ6b4E="
    }
  }
}
