{
  "name": "@alexeimyshkouski/store-async-plugin",
  "version": "0.1.0",
  "lockfileVersion": 1,
  "requires": true,
  "dependencies": {
    "@alexeimyshkouski/store": {
      "version": "0.1.0",
      "resolved": "https://registry.npmjs.org/@alexeimyshkouski/store/-/store-0.1.0.tgz",
      "integrity": "sha512-Pzy6aXOkwioApZUkPNYvNnCf0PoaihDlnBMka4BlRZ80iOpQVSeNaIXT7EUwKv6qCv7keLPH49OqukVgKMqmCw=="
    }
  }
}
